// !$*UTF8*$!
{
	archiveVersion = 1;
	classes = {
	};
	objectVersion = 50;
	objects = {

/* Begin PBXBuildFile section */
		A8847BE5339B8CE84121B7E7 /* Pods_CampK12Demo.framework in Frameworks */ = {isa = PBXBuildFile; fileRef = 0F5E8283D19B1D6A21409983 /* Pods_CampK12Demo.framework */; };
		BA29172E86DD2C7C4EF1207F /* Pods_CampK12DemoUITests.framework in Frameworks */ = {isa = PBXBuildFile; fileRef = 43CF8AFD3439779D43DB818F /* Pods_CampK12DemoUITests.framework */; };
		D64B44772196BC41002F0323 /* AppDelegate.swift in Sources */ = {isa = PBXBuildFile; fileRef = D64B44762196BC41002F0323 /* AppDelegate.swift */; };
		D64B44792196BC41002F0323 /* ViewController.swift in Sources */ = {isa = PBXBuildFile; fileRef = D64B44782196BC41002F0323 /* ViewController.swift */; };
		D64B447C2196BC41002F0323 /* Main.storyboard in Resources */ = {isa = PBXBuildFile; fileRef = D64B447A2196BC41002F0323 /* Main.storyboard */; };
		D64B447F2196BC41002F0323 /* CampK12Demo.xcdatamodeld in Sources */ = {isa = PBXBuildFile; fileRef = D64B447D2196BC41002F0323 /* CampK12Demo.xcdatamodeld */; };
		D64B44812196BC43002F0323 /* Assets.xcassets in Resources */ = {isa = PBXBuildFile; fileRef = D64B44802196BC43002F0323 /* Assets.xcassets */; };
		D64B44842196BC43002F0323 /* LaunchScreen.storyboard in Resources */ = {isa = PBXBuildFile; fileRef = D64B44822196BC43002F0323 /* LaunchScreen.storyboard */; };
		D64B448F2196BC43002F0323 /* CampK12DemoTests.swift in Sources */ = {isa = PBXBuildFile; fileRef = D64B448E2196BC43002F0323 /* CampK12DemoTests.swift */; };
		D64B449A2196BC43002F0323 /* CampK12DemoUITests.swift in Sources */ = {isa = PBXBuildFile; fileRef = D64B44992196BC43002F0323 /* CampK12DemoUITests.swift */; };
		F97D8FBC1CF311012B72FB3C /* Pods_CampK12DemoTests.framework in Frameworks */ = {isa = PBXBuildFile; fileRef = E7463AC010125EEDC6AC7BED /* Pods_CampK12DemoTests.framework */; };
/* End PBXBuildFile section */

/* Begin PBXContainerItemProxy section */
		D64B448B2196BC43002F0323 /* PBXContainerItemProxy */ = {
			isa = PBXContainerItemProxy;
			containerPortal = D64B446B2196BC41002F0323 /* Project object */;
			proxyType = 1;
			remoteGlobalIDString = D64B44722196BC41002F0323;
			remoteInfo = CampK12Demo;
		};
		D64B44962196BC43002F0323 /* PBXContainerItemProxy */ = {
			isa = PBXContainerItemProxy;
			containerPortal = D64B446B2196BC41002F0323 /* Project object */;
			proxyType = 1;
			remoteGlobalIDString = D64B44722196BC41002F0323;
			remoteInfo = CampK12Demo;
		};
/* End PBXContainerItemProxy section */

/* Begin PBXFileReference section */
		0EB8994301E6AAFE18F0E113 /* Pods-CampK12DemoTests.release.xcconfig */ = {isa = PBXFileReference; includeInIndex = 1; lastKnownFileType = text.xcconfig; name = "Pods-CampK12DemoTests.release.xcconfig"; path = "Pods/Target Support Files/Pods-CampK12DemoTests/Pods-CampK12DemoTests.release.xcconfig"; sourceTree = "<group>"; };
		0F5E8283D19B1D6A21409983 /* Pods_CampK12Demo.framework */ = {isa = PBXFileReference; explicitFileType = wrapper.framework; includeInIndex = 0; path = Pods_CampK12Demo.framework; sourceTree = BUILT_PRODUCTS_DIR; };
		16ABAA6D0BA7E69BC44B3400 /* Pods-CampK12DemoUITests.debug.xcconfig */ = {isa = PBXFileReference; includeInIndex = 1; lastKnownFileType = text.xcconfig; name = "Pods-CampK12DemoUITests.debug.xcconfig"; path = "Pods/Target Support Files/Pods-CampK12DemoUITests/Pods-CampK12DemoUITests.debug.xcconfig"; sourceTree = "<group>"; };
		346CC5D2EC90240E9F35818F /* Pods-CampK12Demo.release.xcconfig */ = {isa = PBXFileReference; includeInIndex = 1; lastKnownFileType = text.xcconfig; name = "Pods-CampK12Demo.release.xcconfig"; path = "Pods/Target Support Files/Pods-CampK12Demo/Pods-CampK12Demo.release.xcconfig"; sourceTree = "<group>"; };
		43CF8AFD3439779D43DB818F /* Pods_CampK12DemoUITests.framework */ = {isa = PBXFileReference; explicitFileType = wrapper.framework; includeInIndex = 0; path = Pods_CampK12DemoUITests.framework; sourceTree = BUILT_PRODUCTS_DIR; };
		92D2EB2A047A7C60ED95C3A6 /* Pods-CampK12DemoTests.debug.xcconfig */ = {isa = PBXFileReference; includeInIndex = 1; lastKnownFileType = text.xcconfig; name = "Pods-CampK12DemoTests.debug.xcconfig"; path = "Pods/Target Support Files/Pods-CampK12DemoTests/Pods-CampK12DemoTests.debug.xcconfig"; sourceTree = "<group>"; };
		9337AFA1CEB1B64EE4392ECE /* Pods-CampK12DemoUITests.release.xcconfig */ = {isa = PBXFileReference; includeInIndex = 1; lastKnownFileType = text.xcconfig; name = "Pods-CampK12DemoUITests.release.xcconfig"; path = "Pods/Target Support Files/Pods-CampK12DemoUITests/Pods-CampK12DemoUITests.release.xcconfig"; sourceTree = "<group>"; };
		BB04998C63B92DCE9844DED8 /* Pods-CampK12Demo.debug.xcconfig */ = {isa = PBXFileReference; includeInIndex = 1; lastKnownFileType = text.xcconfig; name = "Pods-CampK12Demo.debug.xcconfig"; path = "Pods/Target Support Files/Pods-CampK12Demo/Pods-CampK12Demo.debug.xcconfig"; sourceTree = "<group>"; };
		D64B44732196BC41002F0323 /* CampK12Demo.app */ = {isa = PBXFileReference; explicitFileType = wrapper.application; includeInIndex = 0; path = CampK12Demo.app; sourceTree = BUILT_PRODUCTS_DIR; };
		D64B44762196BC41002F0323 /* AppDelegate.swift */ = {isa = PBXFileReference; lastKnownFileType = sourcecode.swift; path = AppDelegate.swift; sourceTree = "<group>"; };
		D64B44782196BC41002F0323 /* ViewController.swift */ = {isa = PBXFileReference; lastKnownFileType = sourcecode.swift; path = ViewController.swift; sourceTree = "<group>"; };
		D64B447B2196BC41002F0323 /* Base */ = {isa = PBXFileReference; lastKnownFileType = file.storyboard; name = Base; path = Base.lproj/Main.storyboard; sourceTree = "<group>"; };
		D64B447E2196BC41002F0323 /* CampK12Demo.xcdatamodel */ = {isa = PBXFileReference; lastKnownFileType = wrapper.xcdatamodel; path = CampK12Demo.xcdatamodel; sourceTree = "<group>"; };
		D64B44802196BC43002F0323 /* Assets.xcassets */ = {isa = PBXFileReference; lastKnownFileType = folder.assetcatalog; path = Assets.xcassets; sourceTree = "<group>"; };
		D64B44832196BC43002F0323 /* Base */ = {isa = PBXFileReference; lastKnownFileType = file.storyboard; name = Base; path = Base.lproj/LaunchScreen.storyboard; sourceTree = "<group>"; };
		D64B44852196BC43002F0323 /* Info.plist */ = {isa = PBXFileReference; lastKnownFileType = text.plist.xml; path = Info.plist; sourceTree = "<group>"; };
		D64B448A2196BC43002F0323 /* CampK12DemoTests.xctest */ = {isa = PBXFileReference; explicitFileType = wrapper.cfbundle; includeInIndex = 0; path = CampK12DemoTests.xctest; sourceTree = BUILT_PRODUCTS_DIR; };
		D64B448E2196BC43002F0323 /* CampK12DemoTests.swift */ = {isa = PBXFileReference; lastKnownFileType = sourcecode.swift; path = CampK12DemoTests.swift; sourceTree = "<group>"; };
		D64B44902196BC43002F0323 /* Info.plist */ = {isa = PBXFileReference; lastKnownFileType = text.plist.xml; path = Info.plist; sourceTree = "<group>"; };
		D64B44952196BC43002F0323 /* CampK12DemoUITests.xctest */ = {isa = PBXFileReference; explicitFileType = wrapper.cfbundle; includeInIndex = 0; path = CampK12DemoUITests.xctest; sourceTree = BUILT_PRODUCTS_DIR; };
		D64B44992196BC43002F0323 /* CampK12DemoUITests.swift */ = {isa = PBXFileReference; lastKnownFileType = sourcecode.swift; path = CampK12DemoUITests.swift; sourceTree = "<group>"; };
		D64B449B2196BC43002F0323 /* Info.plist */ = {isa = PBXFileReference; lastKnownFileType = text.plist.xml; path = Info.plist; sourceTree = "<group>"; };
		E7463AC010125EEDC6AC7BED /* Pods_CampK12DemoTests.framework */ = {isa = PBXFileReference; explicitFileType = wrapper.framework; includeInIndex = 0; path = Pods_CampK12DemoTests.framework; sourceTree = BUILT_PRODUCTS_DIR; };
/* End PBXFileReference section */

/* Begin PBXFrameworksBuildPhase section */
		D64B44702196BC41002F0323 /* Frameworks */ = {
			isa = PBXFrameworksBuildPhase;
			buildActionMask = 2147483647;
			files = (
				A8847BE5339B8CE84121B7E7 /* Pods_CampK12Demo.framework in Frameworks */,
			);
			runOnlyForDeploymentPostprocessing = 0;
		};
		D64B44872196BC43002F0323 /* Frameworks */ = {
			isa = PBXFrameworksBuildPhase;
			buildActionMask = 2147483647;
			files = (
				F97D8FBC1CF311012B72FB3C /* Pods_CampK12DemoTests.framework in Frameworks */,
			);
			runOnlyForDeploymentPostprocessing = 0;
		};
		D64B44922196BC43002F0323 /* Frameworks */ = {
			isa = PBXFrameworksBuildPhase;
			buildActionMask = 2147483647;
			files = (
				BA29172E86DD2C7C4EF1207F /* Pods_CampK12DemoUITests.framework in Frameworks */,
			);
			runOnlyForDeploymentPostprocessing = 0;
		};
/* End PBXFrameworksBuildPhase section */

/* Begin PBXGroup section */
		2755D7D0472119D3126807DF /* Pods */ = {
			isa = PBXGroup;
			children = (
				BB04998C63B92DCE9844DED8 /* Pods-CampK12Demo.debug.xcconfig */,
				346CC5D2EC90240E9F35818F /* Pods-CampK12Demo.release.xcconfig */,
				92D2EB2A047A7C60ED95C3A6 /* Pods-CampK12DemoTests.debug.xcconfig */,
				0EB8994301E6AAFE18F0E113 /* Pods-CampK12DemoTests.release.xcconfig */,
				16ABAA6D0BA7E69BC44B3400 /* Pods-CampK12DemoUITests.debug.xcconfig */,
				9337AFA1CEB1B64EE4392ECE /* Pods-CampK12DemoUITests.release.xcconfig */,
			);
			name = Pods;
			sourceTree = "<group>";
		};
		919A03FF8AA9F8327E7E3008 /* Frameworks */ = {
			isa = PBXGroup;
			children = (
				0F5E8283D19B1D6A21409983 /* Pods_CampK12Demo.framework */,
				E7463AC010125EEDC6AC7BED /* Pods_CampK12DemoTests.framework */,
				43CF8AFD3439779D43DB818F /* Pods_CampK12DemoUITests.framework */,
			);
			name = Frameworks;
			sourceTree = "<group>";
		};
		D64B446A2196BC41002F0323 = {
			isa = PBXGroup;
			children = (
				D64B44752196BC41002F0323 /* CampK12Demo */,
				D64B448D2196BC43002F0323 /* CampK12DemoTests */,
				D64B44982196BC43002F0323 /* CampK12DemoUITests */,
				D64B44742196BC41002F0323 /* Products */,
				2755D7D0472119D3126807DF /* Pods */,
				919A03FF8AA9F8327E7E3008 /* Frameworks */,
			);
			sourceTree = "<group>";
		};
		D64B44742196BC41002F0323 /* Products */ = {
			isa = PBXGroup;
			children = (
				D64B44732196BC41002F0323 /* CampK12Demo.app */,
				D64B448A2196BC43002F0323 /* CampK12DemoTests.xctest */,
				D64B44952196BC43002F0323 /* CampK12DemoUITests.xctest */,
			);
			name = Products;
			sourceTree = "<group>";
		};
		D64B44752196BC41002F0323 /* CampK12Demo */ = {
			isa = PBXGroup;
			children = (
				D64B44762196BC41002F0323 /* AppDelegate.swift */,
				D64B44782196BC41002F0323 /* ViewController.swift */,
				D64B447A2196BC41002F0323 /* Main.storyboard */,
				D64B44802196BC43002F0323 /* Assets.xcassets */,
				D64B44822196BC43002F0323 /* LaunchScreen.storyboard */,
				D64B44852196BC43002F0323 /* Info.plist */,
				D64B447D2196BC41002F0323 /* CampK12Demo.xcdatamodeld */,
			);
			path = CampK12Demo;
			sourceTree = "<group>";
		};
		D64B448D2196BC43002F0323 /* CampK12DemoTests */ = {
			isa = PBXGroup;
			children = (
				D64B448E2196BC43002F0323 /* CampK12DemoTests.swift */,
				D64B44902196BC43002F0323 /* Info.plist */,
			);
			path = CampK12DemoTests;
			sourceTree = "<group>";
		};
		D64B44982196BC43002F0323 /* CampK12DemoUITests */ = {
			isa = PBXGroup;
			children = (
				D64B44992196BC43002F0323 /* CampK12DemoUITests.swift */,
				D64B449B2196BC43002F0323 /* Info.plist */,
			);
			path = CampK12DemoUITests;
			sourceTree = "<group>";
		};
/* End PBXGroup section */

/* Begin PBXNativeTarget section */
		D64B44722196BC41002F0323 /* CampK12Demo */ = {
			isa = PBXNativeTarget;
			buildConfigurationList = D64B449E2196BC43002F0323 /* Build configuration list for PBXNativeTarget "CampK12Demo" */;
			buildPhases = (
				7A137FF7823B5596C814F915 /* [CP] Check Pods Manifest.lock */,
				D64B446F2196BC41002F0323 /* Sources */,
				D64B44702196BC41002F0323 /* Frameworks */,
				D64B44712196BC41002F0323 /* Resources */,
			);
			buildRules = (
			);
			dependencies = (
			);
			name = CampK12Demo;
			productName = CampK12Demo;
			productReference = D64B44732196BC41002F0323 /* CampK12Demo.app */;
			productType = "com.apple.product-type.application";
		};
		D64B44892196BC43002F0323 /* CampK12DemoTests */ = {
			isa = PBXNativeTarget;
			buildConfigurationList = D64B44A12196BC43002F0323 /* Build configuration list for PBXNativeTarget "CampK12DemoTests" */;
			buildPhases = (
				F01CF46CDD8FC152AE72F02A /* [CP] Check Pods Manifest.lock */,
				D64B44862196BC43002F0323 /* Sources */,
				D64B44872196BC43002F0323 /* Frameworks */,
				D64B44882196BC43002F0323 /* Resources */,
			);
			buildRules = (
			);
			dependencies = (
				D64B448C2196BC43002F0323 /* PBXTargetDependency */,
			);
			name = CampK12DemoTests;
			productName = CampK12DemoTests;
			productReference = D64B448A2196BC43002F0323 /* CampK12DemoTests.xctest */;
			productType = "com.apple.product-type.bundle.unit-test";
		};
		D64B44942196BC43002F0323 /* CampK12DemoUITests */ = {
			isa = PBXNativeTarget;
			buildConfigurationList = D64B44A42196BC43002F0323 /* Build configuration list for PBXNativeTarget "CampK12DemoUITests" */;
			buildPhases = (
				6B3E40730B7D2D3D919783F7 /* [CP] Check Pods Manifest.lock */,
				D64B44912196BC43002F0323 /* Sources */,
				D64B44922196BC43002F0323 /* Frameworks */,
				D64B44932196BC43002F0323 /* Resources */,
			);
			buildRules = (
			);
			dependencies = (
				D64B44972196BC43002F0323 /* PBXTargetDependency */,
			);
			name = CampK12DemoUITests;
			productName = CampK12DemoUITests;
			productReference = D64B44952196BC43002F0323 /* CampK12DemoUITests.xctest */;
			productType = "com.apple.product-type.bundle.ui-testing";
		};
/* End PBXNativeTarget section */

/* Begin PBXProject section */
		D64B446B2196BC41002F0323 /* Project object */ = {
			isa = PBXProject;
			attributes = {
				LastSwiftUpdateCheck = 1010;
				LastUpgradeCheck = 1010;
				ORGANIZATIONNAME = "Kriti Agarwal";
				TargetAttributes = {
					D64B44722196BC41002F0323 = {
						CreatedOnToolsVersion = 10.1;
					};
					D64B44892196BC43002F0323 = {
						CreatedOnToolsVersion = 10.1;
						TestTargetID = D64B44722196BC41002F0323;
					};
					D64B44942196BC43002F0323 = {
						CreatedOnToolsVersion = 10.1;
						TestTargetID = D64B44722196BC41002F0323;
					};
				};
			};
			buildConfigurationList = D64B446E2196BC41002F0323 /* Build configuration list for PBXProject "CampK12Demo" */;
			compatibilityVersion = "Xcode 9.3";
			developmentRegion = en;
			hasScannedForEncodings = 0;
			knownRegions = (
				en,
				Base,
			);
			mainGroup = D64B446A2196BC41002F0323;
			productRefGroup = D64B44742196BC41002F0323 /* Products */;
			projectDirPath = "";
			projectRoot = "";
			targets = (
				D64B44722196BC41002F0323 /* CampK12Demo */,
				D64B44892196BC43002F0323 /* CampK12DemoTests */,
				D64B44942196BC43002F0323 /* CampK12DemoUITests */,
			);
		};
/* End PBXProject section */

/* Begin PBXResourcesBuildPhase section */
		D64B44712196BC41002F0323 /* Resources */ = {
			isa = PBXResourcesBuildPhase;
			buildActionMask = 2147483647;
			files = (
				D64B44842196BC43002F0323 /* LaunchScreen.storyboard in Resources */,
				D64B44812196BC43002F0323 /* Assets.xcassets in Resources */,
				D64B447C2196BC41002F0323 /* Main.storyboard in Resources */,
			);
			runOnlyForDeploymentPostprocessing = 0;
		};
		D64B44882196BC43002F0323 /* Resources */ = {
			isa = PBXResourcesBuildPhase;
			buildActionMask = 2147483647;
			files = (
			);
			runOnlyForDeploymentPostprocessing = 0;
		};
		D64B44932196BC43002F0323 /* Resources */ = {
			isa = PBXResourcesBuildPhase;
			buildActionMask = 2147483647;
			files = (
			);
			runOnlyForDeploymentPostprocessing = 0;
		};
/* End PBXResourcesBuildPhase section */

/* Begin PBXShellScriptBuildPhase section */
		6B3E40730B7D2D3D919783F7 /* [CP] Check Pods Manifest.lock */ = {
			isa = PBXShellScriptBuildPhase;
			buildActionMask = 2147483647;
			files = (
			);
			inputPaths = (
				"${PODS_PODFILE_DIR_PATH}/Podfile.lock",
				"${PODS_ROOT}/Manifest.lock",
			);
			name = "[CP] Check Pods Manifest.lock";
			outputPaths = (
				"$(DERIVED_FILE_DIR)/Pods-CampK12DemoUITests-checkManifestLockResult.txt",
			);
			runOnlyForDeploymentPostprocessing = 0;
			shellPath = /bin/sh;
			shellScript = "diff \"${PODS_PODFILE_DIR_PATH}/Podfile.lock\" \"${PODS_ROOT}/Manifest.lock\" > /dev/null\nif [ $? != 0 ] ; then\n    # print error to STDERR\n    echo \"error: The sandbox is not in sync with the Podfile.lock. Run 'pod install' or update your CocoaPods installation.\" >&2\n    exit 1\nfi\n# This output is used by Xcode 'outputs' to avoid re-running this script phase.\necho \"SUCCESS\" > \"${SCRIPT_OUTPUT_FILE_0}\"\n";
			showEnvVarsInLog = 0;
		};
		7A137FF7823B5596C814F915 /* [CP] Check Pods Manifest.lock */ = {
			isa = PBXShellScriptBuildPhase;
			buildActionMask = 2147483647;
			files = (
			);
			inputPaths = (
				"${PODS_PODFILE_DIR_PATH}/Podfile.lock",
				"${PODS_ROOT}/Manifest.lock",
			);
			name = "[CP] Check Pods Manifest.lock";
			outputPaths = (
				"$(DERIVED_FILE_DIR)/Pods-CampK12Demo-checkManifestLockResult.txt",
			);
			runOnlyForDeploymentPostprocessing = 0;
			shellPath = /bin/sh;
			shellScript = "diff \"${PODS_PODFILE_DIR_PATH}/Podfile.lock\" \"${PODS_ROOT}/Manifest.lock\" > /dev/null\nif [ $? != 0 ] ; then\n    # print error to STDERR\n    echo \"error: The sandbox is not in sync with the Podfile.lock. Run 'pod install' or update your CocoaPods installation.\" >&2\n    exit 1\nfi\n# This output is used by Xcode 'outputs' to avoid re-running this script phase.\necho \"SUCCESS\" > \"${SCRIPT_OUTPUT_FILE_0}\"\n";
			showEnvVarsInLog = 0;
		};
		F01CF46CDD8FC152AE72F02A /* [CP] Check Pods Manifest.lock */ = {
			isa = PBXShellScriptBuildPhase;
			buildActionMask = 2147483647;
			files = (
			);
			inputPaths = (
				"${PODS_PODFILE_DIR_PATH}/Podfile.lock",
				"${PODS_ROOT}/Manifest.lock",
			);
			name = "[CP] Check Pods Manifest.lock";
			outputPaths = (
				"$(DERIVED_FILE_DIR)/Pods-CampK12DemoTests-checkManifestLockResult.txt",
			);
			runOnlyForDeploymentPostprocessing = 0;
			shellPath = /bin/sh;
			shellScript = "diff \"${PODS_PODFILE_DIR_PATH}/Podfile.lock\" \"${PODS_ROOT}/Manifest.lock\" > /dev/null\nif [ $? != 0 ] ; then\n    # print error to STDERR\n    echo \"error: The sandbox is not in sync with the Podfile.lock. Run 'pod install' or update your CocoaPods installation.\" >&2\n    exit 1\nfi\n# This output is used by Xcode 'outputs' to avoid re-running this script phase.\necho \"SUCCESS\" > \"${SCRIPT_OUTPUT_FILE_0}\"\n";
			showEnvVarsInLog = 0;
		};
/* End PBXShellScriptBuildPhase section */

/* Begin PBXSourcesBuildPhase section */
		D64B446F2196BC41002F0323 /* Sources */ = {
			isa = PBXSourcesBuildPhase;
			buildActionMask = 2147483647;
			files = (
				D64B44792196BC41002F0323 /* ViewController.swift in Sources */,
				D64B44772196BC41002F0323 /* AppDelegate.swift in Sources */,
				D64B447F2196BC41002F0323 /* CampK12Demo.xcdatamodeld in Sources */,
			);
			runOnlyForDeploymentPostprocessing = 0;
		};
		D64B44862196BC43002F0323 /* Sources */ = {
			isa = PBXSourcesBuildPhase;
			buildActionMask = 2147483647;
			files = (
				D64B448F2196BC43002F0323 /* CampK12DemoTests.swift in Sources */,
			);
			runOnlyForDeploymentPostprocessing = 0;
		};
		D64B44912196BC43002F0323 /* Sources */ = {
			isa = PBXSourcesBuildPhase;
			buildActionMask = 2147483647;
			files = (
				D64B449A2196BC43002F0323 /* CampK12DemoUITests.swift in Sources */,
			);
			runOnlyForDeploymentPostprocessing = 0;
		};
/* End PBXSourcesBuildPhase section */

/* Begin PBXTargetDependency section */
		D64B448C2196BC43002F0323 /* PBXTargetDependency */ = {
			isa = PBXTargetDependency;
			target = D64B44722196BC41002F0323 /* CampK12Demo */;
			targetProxy = D64B448B2196BC43002F0323 /* PBXContainerItemProxy */;
		};
		D64B44972196BC43002F0323 /* PBXTargetDependency */ = {
			isa = PBXTargetDependency;
			target = D64B44722196BC41002F0323 /* CampK12Demo */;
			targetProxy = D64B44962196BC43002F0323 /* PBXContainerItemProxy */;
		};
/* End PBXTargetDependency section */

/* Begin PBXVariantGroup section */
		D64B447A2196BC41002F0323 /* Main.storyboard */ = {
			isa = PBXVariantGroup;
			children = (
				D64B447B2196BC41002F0323 /* Base */,
			);
			name = Main.storyboard;
			sourceTree = "<group>";
		};
		D64B44822196BC43002F0323 /* LaunchScreen.storyboard */ = {
			isa = PBXVariantGroup;
			children = (
				D64B44832196BC43002F0323 /* Base */,
			);
			name = LaunchScreen.storyboard;
			sourceTree = "<group>";
		};
/* End PBXVariantGroup section */

/* Begin XCBuildConfiguration section */
		D64B449C2196BC43002F0323 /* Debug */ = {
			isa = XCBuildConfiguration;
			buildSettings = {
				ALWAYS_SEARCH_USER_PATHS = NO;
				CLANG_ANALYZER_NONNULL = YES;
				CLANG_ANALYZER_NUMBER_OBJECT_CONVERSION = YES_AGGRESSIVE;
				CLANG_CXX_LANGUAGE_STANDARD = "gnu++14";
				CLANG_CXX_LIBRARY = "libc++";
				CLANG_ENABLE_MODULES = YES;
				CLANG_ENABLE_OBJC_ARC = YES;
				CLANG_ENABLE_OBJC_WEAK = YES;
				CLANG_WARN_BLOCK_CAPTURE_AUTORELEASING = YES;
				CLANG_WARN_BOOL_CONVERSION = YES;
				CLANG_WARN_COMMA = YES;
				CLANG_WARN_CONSTANT_CONVERSION = YES;
				CLANG_WARN_DEPRECATED_OBJC_IMPLEMENTATIONS = YES;
				CLANG_WARN_DIRECT_OBJC_ISA_USAGE = YES_ERROR;
				CLANG_WARN_DOCUMENTATION_COMMENTS = YES;
				CLANG_WARN_EMPTY_BODY = YES;
				CLANG_WARN_ENUM_CONVERSION = YES;
				CLANG_WARN_INFINITE_RECURSION = YES;
				CLANG_WARN_INT_CONVERSION = YES;
				CLANG_WARN_NON_LITERAL_NULL_CONVERSION = YES;
				CLANG_WARN_OBJC_IMPLICIT_RETAIN_SELF = YES;
				CLANG_WARN_OBJC_LITERAL_CONVERSION = YES;
				CLANG_WARN_OBJC_ROOT_CLASS = YES_ERROR;
				CLANG_WARN_RANGE_LOOP_ANALYSIS = YES;
				CLANG_WARN_STRICT_PROTOTYPES = YES;
				CLANG_WARN_SUSPICIOUS_MOVE = YES;
				CLANG_WARN_UNGUARDED_AVAILABILITY = YES_AGGRESSIVE;
				CLANG_WARN_UNREACHABLE_CODE = YES;
				CLANG_WARN__DUPLICATE_METHOD_MATCH = YES;
				CODE_SIGN_IDENTITY = "iPhone Developer";
				COPY_PHASE_STRIP = NO;
				DEBUG_INFORMATION_FORMAT = dwarf;
				ENABLE_STRICT_OBJC_MSGSEND = YES;
				ENABLE_TESTABILITY = YES;
				GCC_C_LANGUAGE_STANDARD = gnu11;
				GCC_DYNAMIC_NO_PIC = NO;
				GCC_NO_COMMON_BLOCKS = YES;
				GCC_OPTIMIZATION_LEVEL = 0;
				GCC_PREPROCESSOR_DEFINITIONS = (
					"DEBUG=1",
					"$(inherited)",
				);
				GCC_WARN_64_TO_32_BIT_CONVERSION = YES;
				GCC_WARN_ABOUT_RETURN_TYPE = YES_ERROR;
				GCC_WARN_UNDECLARED_SELECTOR = YES;
				GCC_WARN_UNINITIALIZED_AUTOS = YES_AGGRESSIVE;
				GCC_WARN_UNUSED_FUNCTION = YES;
				GCC_WARN_UNUSED_VARIABLE = YES;
				IPHONEOS_DEPLOYMENT_TARGET = 12.1;
				MTL_ENABLE_DEBUG_INFO = INCLUDE_SOURCE;
				MTL_FAST_MATH = YES;
				ONLY_ACTIVE_ARCH = YES;
				SDKROOT = iphoneos;
				SWIFT_ACTIVE_COMPILATION_CONDITIONS = DEBUG;
				SWIFT_OPTIMIZATION_LEVEL = "-Onone";
			};
			name = Debug;
		};
		D64B449D2196BC43002F0323 /* Release */ = {
			isa = XCBuildConfiguration;
			buildSettings = {
				ALWAYS_SEARCH_USER_PATHS = NO;
				CLANG_ANALYZER_NONNULL = YES;
				CLANG_ANALYZER_NUMBER_OBJECT_CONVERSION = YES_AGGRESSIVE;
				CLANG_CXX_LANGUAGE_STANDARD = "gnu++14";
				CLANG_CXX_LIBRARY = "libc++";
				CLANG_ENABLE_MODULES = YES;
				CLANG_ENABLE_OBJC_ARC = YES;
				CLANG_ENABLE_OBJC_WEAK = YES;
				CLANG_WARN_BLOCK_CAPTURE_AUTORELEASING = YES;
				CLANG_WARN_BOOL_CONVERSION = YES;
				CLANG_WARN_COMMA = YES;
				CLANG_WARN_CONSTANT_CONVERSION = YES;
				CLANG_WARN_DEPRECATED_OBJC_IMPLEMENTATIONS = YES;
				CLANG_WARN_DIRECT_OBJC_ISA_USAGE = YES_ERROR;
				CLANG_WARN_DOCUMENTATION_COMMENTS = YES;
				CLANG_WARN_EMPTY_BODY = YES;
				CLANG_WARN_ENUM_CONVERSION = YES;
				CLANG_WARN_INFINITE_RECURSION = YES;
				CLANG_WARN_INT_CONVERSION = YES;
				CLANG_WARN_NON_LITERAL_NULL_CONVERSION = YES;
				CLANG_WARN_OBJC_IMPLICIT_RETAIN_SELF = YES;
				CLANG_WARN_OBJC_LITERAL_CONVERSION = YES;
				CLANG_WARN_OBJC_ROOT_CLASS = YES_ERROR;
				CLANG_WARN_RANGE_LOOP_ANALYSIS = YES;
				CLANG_WARN_STRICT_PROTOTYPES = YES;
				CLANG_WARN_SUSPICIOUS_MOVE = YES;
				CLANG_WARN_UNGUARDED_AVAILABILITY = YES_AGGRESSIVE;
				CLANG_WARN_UNREACHABLE_CODE = YES;
				CLANG_WARN__DUPLICATE_METHOD_MATCH = YES;
				CODE_SIGN_IDENTITY = "iPhone Developer";
				COPY_PHASE_STRIP = NO;
				DEBUG_INFORMATION_FORMAT = "dwarf-with-dsym";
				ENABLE_NS_ASSERTIONS = NO;
				ENABLE_STRICT_OBJC_MSGSEND = YES;
				GCC_C_LANGUAGE_STANDARD = gnu11;
				GCC_NO_COMMON_BLOCKS = YES;
				GCC_WARN_64_TO_32_BIT_CONVERSION = YES;
				GCC_WARN_ABOUT_RETURN_TYPE = YES_ERROR;
				GCC_WARN_UNDECLARED_SELECTOR = YES;
				GCC_WARN_UNINITIALIZED_AUTOS = YES_AGGRESSIVE;
				GCC_WARN_UNUSED_FUNCTION = YES;
				GCC_WARN_UNUSED_VARIABLE = YES;
				IPHONEOS_DEPLOYMENT_TARGET = 12.1;
				MTL_ENABLE_DEBUG_INFO = NO;
				MTL_FAST_MATH = YES;
				SDKROOT = iphoneos;
				SWIFT_COMPILATION_MODE = wholemodule;
				SWIFT_OPTIMIZATION_LEVEL = "-O";
				VALIDATE_PRODUCT = YES;
			};
			name = Release;
		};
		D64B449F2196BC43002F0323 /* Debug */ = {
			isa = XCBuildConfiguration;
			baseConfigurationReference = BB04998C63B92DCE9844DED8 /* Pods-CampK12Demo.debug.xcconfig */;
			buildSettings = {
				ASSETCATALOG_COMPILER_APPICON_NAME = AppIcon;
				CODE_SIGN_STYLE = Automatic;
				DEVELOPMENT_TEAM = XXY5DGP7HA;
				INFOPLIST_FILE = CampK12Demo/Info.plist;
				IPHONEOS_DEPLOYMENT_TARGET = 11.4;
				LD_RUNPATH_SEARCH_PATHS = (
					"$(inherited)",
					"@executable_path/Frameworks",
				);
				PRODUCT_BUNDLE_IDENTIFIER = com.kritiAgarwal.CampK12Demo;
				PRODUCT_NAME = "$(TARGET_NAME)";
				SWIFT_VERSION = 4.2;
				TARGETED_DEVICE_FAMILY = "1,2";
			};
			name = Debug;
		};
		D64B44A02196BC43002F0323 /* Release */ = {
			isa = XCBuildConfiguration;
			baseConfigurationReference = 346CC5D2EC90240E9F35818F /* Pods-CampK12Demo.release.xcconfig */;
			buildSettings = {
				ASSETCATALOG_COMPILER_APPICON_NAME = AppIcon;
				CODE_SIGN_STYLE = Automatic;
				DEVELOPMENT_TEAM = XXY5DGP7HA;
				INFOPLIST_FILE = CampK12Demo/Info.plist;
				IPHONEOS_DEPLOYMENT_TARGET = 11.4;
				LD_RUNPATH_SEARCH_PATHS = (
					"$(inherited)",
					"@executable_path/Frameworks",
				);
				PRODUCT_BUNDLE_IDENTIFIER = com.kritiAgarwal.CampK12Demo;
				PRODUCT_NAME = "$(TARGET_NAME)";
				SWIFT_VERSION = 4.2;
				TARGETED_DEVICE_FAMILY = "1,2";
			};
			name = Release;
		};
		D64B44A22196BC43002F0323 /* Debug */ = {
			isa = XCBuildConfiguration;
			baseConfigurationReference = 92D2EB2A047A7C60ED95C3A6 /* Pods-CampK12DemoTests.debug.xcconfig */;
			buildSettings = {
				ALWAYS_EMBED_SWIFT_STANDARD_LIBRARIES = YES;
				BUNDLE_LOADER = "$(TEST_HOST)";
				CODE_SIGN_STYLE = Automatic;
				DEVELOPMENT_TEAM = XXY5DGP7HA;
				INFOPLIST_FILE = CampK12DemoTests/Info.plist;
				LD_RUNPATH_SEARCH_PATHS = (
					"$(inherited)",
					"@executable_path/Frameworks",
					"@loader_path/Frameworks",
				);
				PRODUCT_BUNDLE_IDENTIFIER = com.kritiAgarwal.CampK12DemoTests;
				PRODUCT_NAME = "$(TARGET_NAME)";
				SWIFT_VERSION = 4.2;
				TARGETED_DEVICE_FAMILY = "1,2";
				TEST_HOST = "$(BUILT_PRODUCTS_DIR)/CampK12Demo.app/CampK12Demo";
			};
			name = Debug;
		};
		D64B44A32196BC43002F0323 /* Release */ = {
			isa = XCBuildConfiguration;
			baseConfigurationReference = 0EB8994301E6AAFE18F0E113 /* Pods-CampK12DemoTests.release.xcconfig */;
			buildSettings = {
				ALWAYS_EMBED_SWIFT_STANDARD_LIBRARIES = YES;
				BUNDLE_LOADER = "$(TEST_HOST)";
				CODE_SIGN_STYLE = Automatic;
				DEVELOPMENT_TEAM = XXY5DGP7HA;
				INFOPLIST_FILE = CampK12DemoTests/Info.plist;
				LD_RUNPATH_SEARCH_PATHS = (
					"$(inherited)",
					"@executable_path/Frameworks",
					"@loader_path/Frameworks",
				);
				PRODUCT_BUNDLE_IDENTIFIER = com.kritiAgarwal.CampK12DemoTests;
				PRODUCT_NAME = "$(TARGET_NAME)";
				SWIFT_VERSION = 4.2;
				TARGETED_DEVICE_FAMILY = "1,2";
				TEST_HOST = "$(BUILT_PRODUCTS_DIR)/CampK12Demo.app/CampK12Demo";
			};
			name = Release;
		};
		D64B44A52196BC43002F0323 /* Debug */ = {
			isa = XCBuildConfiguration;
			baseConfigurationReference = 16ABAA6D0BA7E69BC44B3400 /* Pods-CampK12DemoUITests.debug.xcconfig */;
			buildSettings = {
				ALWAYS_EMBED_SWIFT_STANDARD_LIBRARIES = YES;
				CODE_SIGN_STYLE = Automatic;
				DEVELOPMENT_TEAM = XXY5DGP7HA;
				INFOPLIST_FILE = CampK12DemoUITests/Info.plist;
				LD_RUNPATH_SEARCH_PATHS = (
					"$(inherited)",
					"@executable_path/Frameworks",
					"@loader_path/Frameworks",
				);
				PRODUCT_BUNDLE_IDENTIFIER = com.kritiAgarwal.CampK12DemoUITests;
				PRODUCT_NAME = "$(TARGET_NAME)";
				SWIFT_VERSION = 4.2;
				TARGETED_DEVICE_FAMILY = "1,2";
				TEST_TARGET_NAME = CampK12Demo;
			};
			name = Debug;
		};
		D64B44A62196BC43002F0323 /* Release */ = {
			isa = XCBuildConfiguration;
			baseConfigurationReference = 9337AFA1CEB1B64EE4392ECE /* Pods-CampK12DemoUITests.release.xcconfig */;
			buildSettings = {
				ALWAYS_EMBED_SWIFT_STANDARD_LIBRARIES = YES;
				CODE_SIGN_STYLE = Automatic;
				DEVELOPMENT_TEAM = XXY5DGP7HA;
				INFOPLIST_FILE = CampK12DemoUITests/Info.plist;
				LD_RUNPATH_SEARCH_PATHS = (
					"$(inherited)",
					"@executable_path/Frameworks",
					"@loader_path/Frameworks",
				);
				PRODUCT_BUNDLE_IDENTIFIER = com.kritiAgarwal.CampK12DemoUITests;
				PRODUCT_NAME = "$(TARGET_NAME)";
				SWIFT_VERSION = 4.2;
				TARGETED_DEVICE_FAMILY = "1,2";
				TEST_TARGET_NAME = CampK12Demo;
			};
			name = Release;
		};
/* End XCBuildConfiguration section */

/* Begin XCConfigurationList section */
		D64B446E2196BC41002F0323 /* Build configuration list for PBXProject "CampK12Demo" */ = {
			isa = XCConfigurationList;
			buildConfigurations = (
				D64B449C2196BC43002F0323 /* Debug */,
				D64B449D2196BC43002F0323 /* Release */,
			);
			defaultConfigurationIsVisible = 0;
			defaultConfigurationName = Release;
		};
		D64B449E2196BC43002F0323 /* Build configuration list for PBXNativeTarget "CampK12Demo" */ = {
			isa = XCConfigurationList;
			buildConfigurations = (
				D64B449F2196BC43002F0323 /* Debug */,
				D64B44A02196BC43002F0323 /* Release */,
			);
			defaultConfigurationIsVisible = 0;
			defaultConfigurationName = Release;
		};
		D64B44A12196BC43002F0323 /* Build configuration list for PBXNativeTarget "CampK12DemoTests" */ = {
			isa = XCConfigurationList;
			buildConfigurations = (
				D64B44A22196BC43002F0323 /* Debug */,
				D64B44A32196BC43002F0323 /* Release */,
			);
			defaultConfigurationIsVisible = 0;
			defaultConfigurationName = Release;
		};
		D64B44A42196BC43002F0323 /* Build configuration list for PBXNativeTarget "CampK12DemoUITests" */ = {
			isa = XCConfigurationList;
			buildConfigurations = (
				D64B44A52196BC43002F0323 /* Debug */,
				D64B44A62196BC43002F0323 /* Release */,
			);
			defaultConfigurationIsVisible = 0;
			defaultConfigurationName = Release;
		};
/* End XCConfigurationList section */

/* Begin XCVersionGroup section */
		D64B447D2196BC41002F0323 /* CampK12Demo.xcdatamodeld */ = {
			isa = XCVersionGroup;
			children = (
				D64B447E2196BC41002F0323 /* CampK12Demo.xcdatamodel */,
			);
			currentVersion = D64B447E2196BC41002F0323 /* CampK12Demo.xcdatamodel */;
			path = CampK12Demo.xcdatamodeld;
			sourceTree = "<group>";
			versionGroupType = wrapper.xcdatamodel;
		};
/* End XCVersionGroup section */
	};
	rootObject = D64B446B2196BC41002F0323 /* Project object */;
}
